
Microsoft Visual Studio Solution File, Format Version 12.00
# Visual Studio 2013
VisualStudioVersion = 12.0.31101.0
MinimumVisualStudioVersion = 10.0.40219.1
Project("{FAE04EC0-301F-11D3-BF4B-00C04F79EFBC}") = "MatrixLib", "MatrixLib\MatrixLib.csproj", "{AB23ECAE-CEAB-42FF-A043-C2C7E0902995}"
EndProject
Project("{FAE04EC0-301F-11D3-BF4B-00C04F79EFBC}") = "MatrixTest", "MatrixTest\MatrixTest.csproj", "{544E5417-8D76-4579-B2EF-682B886FE841}"
EndProject
Project("{FAE04EC0-301F-11D3-BF4B-00C04F79EFBC}") = "MatrixTestProg", "MatrixTestProg\MatrixTestProg.csproj", "{725A407B-1404-411C-832F-4643AE6A9BF5}"
EndProject
Global
	GlobalSection(SolutionConfigurationPlatforms) = preSolution
		Debug|Any CPU = Debug|Any CPU
		Release|Any CPU = Release|Any CPU
	EndGlobalSection
	GlobalSection(ProjectConfigurationPlatforms) = postSolution
		{AB23ECAE-CEAB-42FF-A043-C2C7E0902995}.Debug|Any CPU.ActiveCfg = Debug|Any CPU
		{AB23ECAE-CEAB-42FF-A043-C2C7E0902995}.Debug|Any CPU.Build.0 = Debug|Any CPU
		{AB23ECAE-CEAB-42FF-A043-C2C7E0902995}.Release|Any CPU.ActiveCfg = Release|Any CPU
		{AB23ECAE-CEAB-42FF-A043-C2C7E0902995}.Release|Any CPU.Build.0 = Release|Any CPU
		{544E5417-8D76-4579-B2EF-682B886FE841}.Debug|Any CPU.ActiveCfg = Debug|Any CPU
		{544E5417-8D76-4579-B2EF-682B886FE841}.Debug|Any CPU.Build.0 = Debug|Any CPU
		{544E5417-8D76-4579-B2EF-682B886FE841}.Release|Any CPU.ActiveCfg = Release|Any CPU
		{544E5417-8D76-4579-B2EF-682B886FE841}.Release|Any CPU.Build.0 = Release|Any CPU
		{725A407B-1404-411C-832F-4643AE6A9BF5}.Debug|Any CPU.ActiveCfg = Debug|Any CPU
		{725A407B-1404-411C-832F-4643AE6A9BF5}.Debug|Any CPU.Build.0 = Debug|Any CPU
		{725A407B-1404-411C-832F-4643AE6A9BF5}.Release|Any CPU.ActiveCfg = Release|Any CPU
		{725A407B-1404-411C-832F-4643AE6A9BF5}.Release|Any CPU.Build.0 = Release|Any CPU
	EndGlobalSection
	GlobalSection(SolutionProperties) = preSolution
		HideSolutionNode = FALSE
	EndGlobalSection
EndGlobal
